{
  "version": 4,
  "terraform_version": "0.12.24",
  "serial": 1,
  "lineage": "b265e6b3-f83c-410d-66ae-a9dc90f3f38d",
  "outputs": {},
  "resources": [
    {
      "mode": "managed",
      "type": "github_repository",
      "name": "terraform-repo",
      "provider": "provider.github",
      "instances": [
        {
          "schema_version": 0,
          "attributes": {
            "allow_merge_commit": true,
            "allow_rebase_merge": true,
            "allow_squash_merge": true,
            "archive_on_destroy": null,
            "archived": false,
            "auto_init": null,
            "default_branch": "main",
            "delete_branch_on_merge": false,
            "description": "",
            "etag": "W/\"336c6f576229ad59afed41c303b20735b81281585eeb2fff3f65ce3cef11928f\"",
            "full_name": "Katesagay/terraform-repo",
            "git_clone_url": "git://github.com/Katesagay/terraform-repo.git",
            "gitignore_template": null,
            "has_downloads": false,
            "has_issues": false,
            "has_projects": false,
            "has_wiki": false,
            "homepage_url": "",
            "html_url": "https://github.com/Katesagay/terraform-repo",
            "http_clone_url": "https://github.com/Katesagay/terraform-repo.git",
            "id": "terraform-repo",
            "is_template": false,
            "license_template": null,
            "name": "terraform-repo",
            "node_id": "R_kgDOGLCoYA",
            "pages": [],
            "private": false,
            "repo_id": 414230624,
            "ssh_clone_url": "git@github.com:Katesagay/terraform-repo.git",
            "svn_url": "https://github.com/Katesagay/terraform-repo",
            "template": [],
            "topics": null,
            "visibility": "public",
            "vulnerability_alerts": false
          },
          "private": "bnVsbA=="
        }
      ]
    }
  ]
}
